<?xml version="1.0" encoding="utf-8"?>
<Project ToolsVersion="4.0" xmlns="http://schemas.microsoft.com/developer/msbuild/2003">
  <ItemGroup>
    <Filter Include="ソース ファイル">
      <UniqueIdentifier>{4FC737F1-C7A5-4376-A066-2A32D752A2FF}</UniqueIdentifier>
      <Extensions>cpp;c;cc;cxx;c++;cppm;ixx;def;odl;idl;hpj;bat;asm;asmx</Extensions>
    </Filter>
    <Filter Include="ソース ファイル\src">
      <UniqueIdentifier>{786aaf70-3a1d-4561-8c95-ce94a61df724}</UniqueIdentifier>
    </Filter>
    <Filter Include="ソース ファイル\src\Core">
      <UniqueIdentifier>{ed97eb08-2465-4603-835f-6df3be484714}</UniqueIdentifier>
    </Filter>
    <Filter Include="ソース ファイル\src\Utils">
      <UniqueIdentifier>{ad7a8604-5bda-4a79-b8bc-c3de516e573f}</UniqueIdentifier>
    </Filter>
    <Filter Include="ソース ファイル\src\Graphics">
      <UniqueIdentifier>{7350b8ef-69e4-438f-87e5-e8e56d754b24}</UniqueIdentifier>
    </Filter>
    <Filter Include="ソース ファイル\src\Math">
      <UniqueIdentifier>{5a49188c-2005-4894-90e2-8f1ca116659f}</UniqueIdentifier>
    </Filter>
    <Filter Include="ソース ファイル\Shaders">
      <UniqueIdentifier>{d1c0b3e1-b76f-4152-86e1-9284aa771f40}</UniqueIdentifier>
    </Filter>
    <Filter Include="ソース ファイル\src\Input">
      <UniqueIdentifier>{0b098dff-efeb-425d-8b64-b6720aecf80a}</UniqueIdentifier>
    </Filter>
  </ItemGroup>
  <ItemGroup>
    <ClInclude Include="src\Utils\Common.hpp">
      <Filter>ソース ファイル\src\Utils</Filter>
    </ClInclude>
    <ClInclude Include="src\Core\App.hpp">
      <Filter>ソース ファイル\src\Core</Filter>
    </ClInclude>
    <ClInclude Include="src\Core\Window.hpp">
      <Filter>ソース ファイル\src\Core</Filter>
    </ClInclude>
    <ClInclude Include="src\Graphics\Device.hpp">
      <Filter>ソース ファイル\src\Graphics</Filter>
    </ClInclude>
    <ClInclude Include="src\Graphics\Shader.hpp">
      <Filter>ソース ファイル\src\Graphics</Filter>
    </ClInclude>
    <ClInclude Include="src\Math\Math.hpp">
      <Filter>ソース ファイル\src\Math</Filter>
    </ClInclude>
    <ClInclude Include="src\Graphics\TriangleRenderer.hpp">
      <Filter>ソース ファイル\src\Graphics</Filter>
    </ClInclude>
    <ClInclude Include="src\Graphics\Camera.hpp">
      <Filter>ソース ファイル\src\Graphics</Filter>
    </ClInclude>
    <ClInclude Include="src\Graphics\ConstantBuffer.hpp">
      <Filter>ソース ファイル\src\Graphics</Filter>
    </ClInclude>
    <ClInclude Include="src\Input\KeyCode.hpp">
      <Filter>ソース ファイル\src\Input</Filter>
    </ClInclude>
    <ClInclude Include="src\Input\InputManager.hpp">
      <Filter>ソース ファイル\src\Input</Filter>
    </ClInclude>
    <ClInclude Include="src\Input\MouseState.hpp">
      <Filter>ソース ファイル\src\Input</Filter>
    </ClInclude>
  </ItemGroup>
  <ItemGroup>
    <ClCompile Include="src\Core\App.cpp">
      <Filter>ソース ファイル\src\Core</Filter>
    </ClCompile>
    <ClCompile Include="src\main.cpp">
      <Filter>ソース ファイル\src</Filter>
    </ClCompile>
    <ClCompile Include="src\Core\Window.cpp">
      <Filter>ソース ファイル\src\Core</Filter>
    </ClCompile>
    <ClCompile Include="src\Graphics\Device.cpp">
      <Filter>ソース ファイル\src\Graphics</Filter>
    </ClCompile>
    <ClCompile Include="src\Graphics\Shader.cpp">
      <Filter>ソース ファイル\src\Graphics</Filter>
    </ClCompile>
    <ClCompile Include="src\Graphics\TriangleRenderer.cpp">
      <Filter>ソース ファイル\src\Graphics</Filter>
    </ClCompile>
    <ClCompile Include="src\Graphics\Camera.cpp">
      <Filter>ソース ファイル\src\Graphics</Filter>
    </ClCompile>
    <ClCompile Include="src\Graphics\ConstantBuffer.cpp">
      <Filter>ソース ファイル\src\Graphics</Filter>
    </ClCompile>
    <ClCompile Include="src\Input\InputManager.cpp">
      <Filter>ソース ファイル\src\Input</Filter>
    </ClCompile>
  </ItemGroup>
  <ItemGroup>
    <FxCompile Include="shaders\BasicVertex.hlsl">
      <Filter>ソース ファイル\Shaders</Filter>
    </FxCompile>
    <FxCompile Include="shaders\BasicPixel.hlsl">
      <Filter>ソース ファイル\Shaders</Filter>
    </FxCompile>
  </ItemGroup>
</Project>